// !$*UTF8*$!
{
	archiveVersion = 1;
	classes = {
	};
	objectVersion = 50;
	objects = {

/* Begin PBXBuildFile section */
		C4AFE59225CBA56F00D002DF /* CyanSkyApp.swift in Sources */ = {isa = PBXBuildFile; fileRef = C4AFE59125CBA56F00D002DF /* CyanSkyApp.swift */; };
		C4AFE59425CBA56F00D002DF /* ContentView.swift in Sources */ = {isa = PBXBuildFile; fileRef = C4AFE59325CBA56F00D002DF /* ContentView.swift */; };
		C4AFE59625CBA57100D002DF /* Assets.xcassets in Resources */ = {isa = PBXBuildFile; fileRef = C4AFE59525CBA57100D002DF /* Assets.xcassets */; };
		C4AFE59925CBA57100D002DF /* Preview Assets.xcassets in Resources */ = {isa = PBXBuildFile; fileRef = C4AFE59825CBA57100D002DF /* Preview Assets.xcassets */; };
		C4AFE5A225CBA63A00D002DF /* WeatherService.swift in Sources */ = {isa = PBXBuildFile; fileRef = C4AFE5A125CBA63A00D002DF /* WeatherService.swift */; };
/* End PBXBuildFile section */

/* Begin PBXFileReference section */
		C4AFE58E25CBA56F00D002DF /* CyanSky.app */ = {isa = PBXFileReference; explicitFileType = wrapper.application; includeInIndex = 0; path = CyanSky.app; sourceTree = BUILT_PRODUCTS_DIR; };
		C4AFE59125CBA56F00D002DF /* CyanSkyApp.swift */ = {isa = PBXFileReference; lastKnownFileType = sourcecode.swift; path = CyanSkyApp.swift; sourceTree = "<group>"; };
		C4AFE59325CBA56F00D002DF /* ContentView.swift */ = {isa = PBXFileReference; lastKnownFileType = sourcecode.swift; path = ContentView.swift; sourceTree = "<group>"; };
		C4AFE59525CBA57100D002DF /* Assets.xcassets */ = {isa = PBXFileReference; lastKnownFileType = folder.assetcatalog; path = Assets.xcassets; sourceTree = "<group>"; };
		C4AFE59825CBA57100D002DF /* Preview Assets.xcassets */ = {isa = PBXFileReference; lastKnownFileType = folder.assetcatalog; path = "Preview Assets.xcassets"; sourceTree = "<group>"; };
		C4AFE59A25CBA57100D002DF /* Info.plist */ = {isa = PBXFileReference; lastKnownFileType = text.plist.xml; path = Info.plist; sourceTree = "<group>"; };
		C4AFE5A125CBA63A00D002DF /* WeatherService.swift */ = {isa = PBXFileReference; lastKnownFileType = sourcecode.swift; path = WeatherService.swift; sourceTree = "<group>"; };
/* End PBXFileReference section */

/* Begin PBXFrameworksBuildPhase section */
		C4AFE58B25CBA56F00D002DF /* Frameworks */ = {
			isa = PBXFrameworksBuildPhase;
			buildActionMask = 2147483647;
			files = (
			);
			runOnlyForDeploymentPostprocessing = 0;
		};
/* End PBXFrameworksBuildPhase section */

/* Begin PBXGroup section */
		C4AFE58525CBA56F00D002DF = {
			isa = PBXGroup;
			children = (
				C4AFE59025CBA56F00D002DF /* CyanSky */,
				C4AFE58F25CBA56F00D002DF /* Products */,
			);
			sourceTree = "<group>";
		};
		C4AFE58F25CBA56F00D002DF /* Products */ = {
			isa = PBXGroup;
			children = (
				C4AFE58E25CBA56F00D002DF /* CyanSky.app */,
			);
			name = Products;
			sourceTree = "<group>";
		};
		C4AFE59025CBA56F00D002DF /* CyanSky */ = {
			isa = PBXGroup;
			children = (
				C4AFE59125CBA56F00D002DF /* CyanSkyApp.swift */,
				C4AFE59325CBA56F00D002DF /* ContentView.swift */,
				C4AFE59525CBA57100D002DF /* Assets.xcassets */,
				C4AFE59A25CBA57100D002DF /* Info.plist */,
				C4AFE59725CBA57100D002DF /* Preview Content */,
				C4AFE5A125CBA63A00D002DF /* WeatherService.swift */,
			);
			path = CyanSky;
			sourceTree = "<group>";
		};
		C4AFE59725CBA57100D002DF /* Preview Content */ = {
			isa = PBXGroup;
			children = (
				C4AFE59825CBA57100D002DF /* Preview Assets.xcassets */,
			);
			path = "Preview Content";
			sourceTree = "<group>";
		};
/* End PBXGroup section */

/* Begin PBXNativeTarget section */
		C4AFE58D25CBA56F00D002DF /* CyanSky */ = {
			isa = PBXNativeTarget;
			buildConfigurationList = C4AFE59D25CBA57100D002DF /* Build configuration list for PBXNativeTarget "CyanSky" */;
			buildPhases = (
				C4AFE58A25CBA56F00D002DF /* Sources */,
				C4AFE58B25CBA56F00D002DF /* Frameworks */,
				C4AFE58C25CBA56F00D002DF /* Resources */,
			);
			buildRules = (
			);
			dependencies = (
			);
			name = CyanSky;
			productName = CyanSky;
			productReference = C4AFE58E25CBA56F00D002DF /* CyanSky.app */;
			productType = "com.apple.product-type.application";
		};
/* End PBXNativeTarget section */

/* Begin PBXProject section */
		C4AFE58625CBA56F00D002DF /* Project object */ = {
			isa = PBXProject;
			attributes = {
				LastSwiftUpdateCheck = 1240;
				LastUpgradeCheck = 1240;
				TargetAttributes = {
					C4AFE58D25CBA56F00D002DF = {
						CreatedOnToolsVersion = 12.4;
					};
				};
			};
			buildConfigurationList = C4AFE58925CBA56F00D002DF /* Build configuration list for PBXProject "CyanSky" */;
			compatibilityVersion = "Xcode 9.3";
			developmentRegion = en;
			hasScannedForEncodings = 0;
			knownRegions = (
				en,
				Base,
			);
			mainGroup = C4AFE58525CBA56F00D002DF;
			productRefGroup = C4AFE58F25CBA56F00D002DF /* Products */;
			projectDirPath = "";
			projectRoot = "";
			targets = (
				C4AFE58D25CBA56F00D002DF /* CyanSky */,
			);
		};
/* End PBXProject section */

/* Begin PBXResourcesBuildPhase section */
		C4AFE58C25CBA56F00D002DF /* Resources */ = {
			isa = PBXResourcesBuildPhase;
			buildActionMask = 2147483647;
			files = (
				C4AFE59925CBA57100D002DF /* Preview Assets.xcassets in Resources */,
				C4AFE59625CBA57100D002DF /* Assets.xcassets in Resources */,
			);
			runOnlyForDeploymentPostprocessing = 0;
		};
/* End PBXResourcesBuildPhase section */

/* Begin PBXSourcesBuildPhase section */
		C4AFE58A25CBA56F00D002DF /* Sources */ = {
			isa = PBXSourcesBuildPhase;
			buildActionMask = 2147483647;
			files = (
				C4AFE59425CBA56F00D002DF /* ContentView.swift in Sources */,
				C4AFE5A225CBA63A00D002DF /* WeatherService.swift in Sources */,
				C4AFE59225CBA56F00D002DF /* CyanSkyApp.swift in Sources */,
			);
			runOnlyForDeploymentPostprocessing = 0;
		};
/* End PBXSourcesBuildPhase section */

/* Begin XCBuildConfiguration section */
		C4AFE59B25CBA57100D002DF /* Debug */ = {
			isa = XCBuildConfiguration;
			buildSettings = {
				ALWAYS_SEARCH_USER_PATHS = NO;
				CLANG_ANALYZER_NONNULL = YES;
				CLANG_ANALYZER_NUMBER_OBJECT_CONVERSION = YES_AGGRESSIVE;
				CLANG_CXX_LANGUAGE_STANDARD = "gnu++14";
				CLANG_CXX_LIBRARY = "libc++";
				CLANG_ENABLE_MODULES = YES;
				CLANG_ENABLE_OBJC_ARC = YES;
				CLANG_ENABLE_OBJC_WEAK = YES;
				CLANG_WARN_BLOCK_CAPTURE_AUTORELEASING = YES;
				CLANG_WARN_BOOL_CONVERSION = YES;
				CLANG_WARN_COMMA = YES;
				CLANG_WARN_CONSTANT_CONVERSION = YES;
				CLANG_WARN_DEPRECATED_OBJC_IMPLEMENTATIONS = YES;
				CLANG_WARN_DIRECT_OBJC_ISA_USAGE = YES_ERROR;
				CLANG_WARN_DOCUMENTATION_COMMENTS = YES;
				CLANG_WARN_EMPTY_BODY = YES;
				CLANG_WARN_ENUM_CONVERSION = YES;
				CLANG_WARN_INFINITE_RECURSION = YES;
				CLANG_WARN_INT_CONVERSION = YES;
				CLANG_WARN_NON_LITERAL_NULL_CONVERSION = YES;
				CLANG_WARN_OBJC_IMPLICIT_RETAIN_SELF = YES;
				CLANG_WARN_OBJC_LITERAL_CONVERSION = YES;
				CLANG_WARN_OBJC_ROOT_CLASS = YES_ERROR;
				CLANG_WARN_QUOTED_INCLUDE_IN_FRAMEWORK_HEADER = YES;
				CLANG_WARN_RANGE_LOOP_ANALYSIS = YES;
				CLANG_WARN_STRICT_PROTOTYPES = YES;
				CLANG_WARN_SUSPICIOUS_MOVE = YES;
				CLANG_WARN_UNGUARDED_AVAILABILITY = YES_AGGRESSIVE;
				CLANG_WARN_UNREACHABLE_CODE = YES;
				CLANG_WARN__DUPLICATE_METHOD_MATCH = YES;
				COPY_PHASE_STRIP = NO;
				DEBUG_INFORMATION_FORMAT = dwarf;
				ENABLE_STRICT_OBJC_MSGSEND = YES;
				ENABLE_TESTABILITY = YES;
				GCC_C_LANGUAGE_STANDARD = gnu11;
				GCC_DYNAMIC_NO_PIC = NO;
				GCC_NO_COMMON_BLOCKS = YES;
				GCC_OPTIMIZATION_LEVEL = 0;
				GCC_PREPROCESSOR_DEFINITIONS = (
					"DEBUG=1",
					"$(inherited)",
				);
				GCC_WARN_64_TO_32_BIT_CONVERSION = YES;
				GCC_WARN_ABOUT_RETURN_TYPE = YES_ERROR;
				GCC_WARN_UNDECLARED_SELECTOR = YES;
				GCC_WARN_UNINITIALIZED_AUTOS = YES_AGGRESSIVE;
				GCC_WARN_UNUSED_FUNCTION = YES;
				GCC_WARN_UNUSED_VARIABLE = YES;
				IPHONEOS_DEPLOYMENT_TARGET = 14.4;
				MTL_ENABLE_DEBUG_INFO = INCLUDE_SOURCE;
				MTL_FAST_MATH = YES;
				ONLY_ACTIVE_ARCH = YES;
				SDKROOT = iphoneos;
				SWIFT_ACTIVE_COMPILATION_CONDITIONS = DEBUG;
				SWIFT_OPTIMIZATION_LEVEL = "-Onone";
			};
			name = Debug;
		};
		C4AFE59C25CBA57100D002DF /* Release */ = {
			isa = XCBuildConfiguration;
			buildSettings = {
				ALWAYS_SEARCH_USER_PATHS = NO;
				CLANG_ANALYZER_NONNULL = YES;
				CLANG_ANALYZER_NUMBER_OBJECT_CONVERSION = YES_AGGRESSIVE;
				CLANG_CXX_LANGUAGE_STANDARD = "gnu++14";
				CLANG_CXX_LIBRARY = "libc++";
				CLANG_ENABLE_MODULES = YES;
				CLANG_ENABLE_OBJC_ARC = YES;
				CLANG_ENABLE_OBJC_WEAK = YES;
				CLANG_WARN_BLOCK_CAPTURE_AUTORELEASING = YES;
				CLANG_WARN_BOOL_CONVERSION = YES;
				CLANG_WARN_COMMA = YES;
				CLANG_WARN_CONSTANT_CONVERSION = YES;
				CLANG_WARN_DEPRECATED_OBJC_IMPLEMENTATIONS = YES;
				CLANG_WARN_DIRECT_OBJC_ISA_USAGE = YES_ERROR;
				CLANG_WARN_DOCUMENTATION_COMMENTS = YES;
				CLANG_WARN_EMPTY_BODY = YES;
				CLANG_WARN_ENUM_CONVERSION = YES;
				CLANG_WARN_INFINITE_RECURSION = YES;
				CLANG_WARN_INT_CONVERSION = YES;
				CLANG_WARN_NON_LITERAL_NULL_CONVERSION = YES;
				CLANG_WARN_OBJC_IMPLICIT_RETAIN_SELF = YES;
				CLANG_WARN_OBJC_LITERAL_CONVERSION = YES;
				CLANG_WARN_OBJC_ROOT_CLASS = YES_ERROR;
				CLANG_WARN_QUOTED_INCLUDE_IN_FRAMEWORK_HEADER = YES;
				CLANG_WARN_RANGE_LOOP_ANALYSIS = YES;
				CLANG_WARN_STRICT_PROTOTYPES = YES;
				CLANG_WARN_SUSPICIOUS_MOVE = YES;
				CLANG_WARN_UNGUARDED_AVAILABILITY = YES_AGGRESSIVE;
				CLANG_WARN_UNREACHABLE_CODE = YES;
				CLANG_WARN__DUPLICATE_METHOD_MATCH = YES;
				COPY_PHASE_STRIP = NO;
				DEBUG_INFORMATION_FORMAT = "dwarf-with-dsym";
				ENABLE_NS_ASSERTIONS = NO;
				ENABLE_STRICT_OBJC_MSGSEND = YES;
				GCC_C_LANGUAGE_STANDARD = gnu11;
				GCC_NO_COMMON_BLOCKS = YES;
				GCC_WARN_64_TO_32_BIT_CONVERSION = YES;
				GCC_WARN_ABOUT_RETURN_TYPE = YES_ERROR;
				GCC_WARN_UNDECLARED_SELECTOR = YES;
				GCC_WARN_UNINITIALIZED_AUTOS = YES_AGGRESSIVE;
				GCC_WARN_UNUSED_FUNCTION = YES;
				GCC_WARN_UNUSED_VARIABLE = YES;
				IPHONEOS_DEPLOYMENT_TARGET = 14.4;
				MTL_ENABLE_DEBUG_INFO = NO;
				MTL_FAST_MATH = YES;
				SDKROOT = iphoneos;
				SWIFT_COMPILATION_MODE = wholemodule;
				SWIFT_OPTIMIZATION_LEVEL = "-O";
				VALIDATE_PRODUCT = YES;
			};
			name = Release;
		};
		C4AFE59E25CBA57100D002DF /* Debug */ = {
			isa = XCBuildConfiguration;
			buildSettings = {
				ASSETCATALOG_COMPILER_APPICON_NAME = AppIcon;
				ASSETCATALOG_COMPILER_GLOBAL_ACCENT_COLOR_NAME = AccentColor;
				CODE_SIGN_STYLE = Automatic;
				DEVELOPMENT_ASSET_PATHS = "\"CyanSky/Preview Content\"";
				DEVELOPMENT_TEAM = CH8XJS4375;
				ENABLE_PREVIEWS = YES;
				INFOPLIST_FILE = CyanSky/Info.plist;
				IPHONEOS_DEPLOYMENT_TARGET = 14.0;
				LD_RUNPATH_SEARCH_PATHS = (
					"$(inherited)",
					"@executable_path/Frameworks",
				);
				PRODUCT_BUNDLE_IDENTIFIER = com.derekquinn.CyanSky;
				PRODUCT_NAME = "$(TARGET_NAME)";
				SWIFT_VERSION = 5.0;
				TARGETED_DEVICE_FAMILY = "1,2";
			};
			name = Debug;
		};
		C4AFE59F25CBA57100D002DF /* Release */ = {
			isa = XCBuildConfiguration;
			buildSettings = {
				ASSETCATALOG_COMPILER_APPICON_NAME = AppIcon;
				ASSETCATALOG_COMPILER_GLOBAL_ACCENT_COLOR_NAME = AccentColor;
				CODE_SIGN_STYLE = Automatic;
				DEVELOPMENT_ASSET_PATHS = "\"CyanSky/Preview Content\"";
				DEVELOPMENT_TEAM = CH8XJS4375;
				ENABLE_PREVIEWS = YES;
				INFOPLIST_FILE = CyanSky/Info.plist;
				IPHONEOS_DEPLOYMENT_TARGET = 14.0;
				LD_RUNPATH_SEARCH_PATHS = (
					"$(inherited)",
					"@executable_path/Frameworks",
				);
				PRODUCT_BUNDLE_IDENTIFIER = com.derekquinn.CyanSky;
				PRODUCT_NAME = "$(TARGET_NAME)";
				SWIFT_VERSION = 5.0;
				TARGETED_DEVICE_FAMILY = "1,2";
			};
			name = Release;
		};
/* End XCBuildConfiguration section */

/* Begin XCConfigurationList section */
		C4AFE58925CBA56F00D002DF /* Build configuration list for PBXProject "CyanSky" */ = {
			isa = XCConfigurationList;
			buildConfigurations = (
				C4AFE59B25CBA57100D002DF /* Debug */,
				C4AFE59C25CBA57100D002DF /* Release */,
			);
			defaultConfigurationIsVisible = 0;
			defaultConfigurationName = Release;
		};
		C4AFE59D25CBA57100D002DF /* Build configuration list for PBXNativeTarget "CyanSky" */ = {
			isa = XCConfigurationList;
			buildConfigurations = (
				C4AFE59E25CBA57100D002DF /* Debug */,
				C4AFE59F25CBA57100D002DF /* Release */,
			);
			defaultConfigurationIsVisible = 0;
			defaultConfigurationName = Release;
		};
/* End XCConfigurationList section */
	};
	rootObject = C4AFE58625CBA56F00D002DF /* Project object */;
}
